// !$*UTF8*$!
{
	archiveVersion = 1;
	classes = {
	};
	objectVersion = 46;
	objects = {

/* Begin PBXBuildFile section */
		373EECB01D91A76D008B7C9E /* AppDelegate.swift in Sources */ = {isa = PBXBuildFile; fileRef = 373EECAF1D91A76D008B7C9E /* AppDelegate.swift */; };
		373EECB51D91A76D008B7C9E /* Main.storyboard in Resources */ = {isa = PBXBuildFile; fileRef = 373EECB31D91A76D008B7C9E /* Main.storyboard */; };
		373EECB71D91A76D008B7C9E /* Assets.xcassets in Resources */ = {isa = PBXBuildFile; fileRef = 373EECB61D91A76D008B7C9E /* Assets.xcassets */; };
		373EECBA1D91A76D008B7C9E /* LaunchScreen.storyboard in Resources */ = {isa = PBXBuildFile; fileRef = 373EECB81D91A76D008B7C9E /* LaunchScreen.storyboard */; };
		373EECC21D91A7D4008B7C9E /* CandidateManager.swift in Sources */ = {isa = PBXBuildFile; fileRef = 373EECC11D91A7D4008B7C9E /* CandidateManager.swift */; };
		373EECC41D91A849008B7C9E /* AddCandidate.swift in Sources */ = {isa = PBXBuildFile; fileRef = 373EECC31D91A849008B7C9E /* AddCandidate.swift */; };
/* End PBXBuildFile section */

/* Begin PBXFileReference section */
		373EECAC1D91A76D008B7C9E /* WernsmanBenjamin-HW4.app */ = {isa = PBXFileReference; explicitFileType = wrapper.application; includeInIndex = 0; path = "WernsmanBenjamin-HW4.app"; sourceTree = BUILT_PRODUCTS_DIR; };
		373EECAF1D91A76D008B7C9E /* AppDelegate.swift */ = {isa = PBXFileReference; lastKnownFileType = sourcecode.swift; path = AppDelegate.swift; sourceTree = "<group>"; };
		373EECB41D91A76D008B7C9E /* Base */ = {isa = PBXFileReference; lastKnownFileType = file.storyboard; name = Base; path = Base.lproj/Main.storyboard; sourceTree = "<group>"; };
		373EECB61D91A76D008B7C9E /* Assets.xcassets */ = {isa = PBXFileReference; lastKnownFileType = folder.assetcatalog; path = Assets.xcassets; sourceTree = "<group>"; };
		373EECB91D91A76D008B7C9E /* Base */ = {isa = PBXFileReference; lastKnownFileType = file.storyboard; name = Base; path = Base.lproj/LaunchScreen.storyboard; sourceTree = "<group>"; };
		373EECBB1D91A76D008B7C9E /* Info.plist */ = {isa = PBXFileReference; lastKnownFileType = text.plist.xml; path = Info.plist; sourceTree = "<group>"; };
		373EECC11D91A7D4008B7C9E /* CandidateManager.swift */ = {isa = PBXFileReference; fileEncoding = 4; lastKnownFileType = sourcecode.swift; path = CandidateManager.swift; sourceTree = "<group>"; };
		373EECC31D91A849008B7C9E /* AddCandidate.swift */ = {isa = PBXFileReference; fileEncoding = 4; lastKnownFileType = sourcecode.swift; path = AddCandidate.swift; sourceTree = "<group>"; };
/* End PBXFileReference section */

/* Begin PBXFrameworksBuildPhase section */
		373EECA91D91A76D008B7C9E /* Frameworks */ = {
			isa = PBXFrameworksBuildPhase;
			buildActionMask = 2147483647;
			files = (
			);
			runOnlyForDeploymentPostprocessing = 0;
		};
/* End PBXFrameworksBuildPhase section */

/* Begin PBXGroup section */
		373EECA31D91A76D008B7C9E = {
			isa = PBXGroup;
			children = (
				373EECAE1D91A76D008B7C9E /* WernsmanBenjamin-HW4 */,
				373EECAD1D91A76D008B7C9E /* Products */,
			);
			sourceTree = "<group>";
		};
		373EECAD1D91A76D008B7C9E /* Products */ = {
			isa = PBXGroup;
			children = (
				373EECAC1D91A76D008B7C9E /* WernsmanBenjamin-HW4.app */,
			);
			name = Products;
			sourceTree = "<group>";
		};
		373EECAE1D91A76D008B7C9E /* WernsmanBenjamin-HW4 */ = {
			isa = PBXGroup;
			children = (
				373EECAF1D91A76D008B7C9E /* AppDelegate.swift */,
				373EECC11D91A7D4008B7C9E /* CandidateManager.swift */,
				373EECC31D91A849008B7C9E /* AddCandidate.swift */,
				373EECB31D91A76D008B7C9E /* Main.storyboard */,
				373EECB61D91A76D008B7C9E /* Assets.xcassets */,
				373EECB81D91A76D008B7C9E /* LaunchScreen.storyboard */,
				373EECBB1D91A76D008B7C9E /* Info.plist */,
			);
			path = "WernsmanBenjamin-HW4";
			sourceTree = "<group>";
		};
/* End PBXGroup section */

/* Begin PBXNativeTarget section */
		373EECAB1D91A76D008B7C9E /* WernsmanBenjamin-HW4 */ = {
			isa = PBXNativeTarget;
			buildConfigurationList = 373EECBE1D91A76D008B7C9E /* Build configuration list for PBXNativeTarget "WernsmanBenjamin-HW4" */;
			buildPhases = (
				373EECA81D91A76D008B7C9E /* Sources */,
				373EECA91D91A76D008B7C9E /* Frameworks */,
				373EECAA1D91A76D008B7C9E /* Resources */,
			);
			buildRules = (
			);
			dependencies = (
			);
			name = "WernsmanBenjamin-HW4";
			productName = "WernsmanBenjamin-HW4";
			productReference = 373EECAC1D91A76D008B7C9E /* WernsmanBenjamin-HW4.app */;
			productType = "com.apple.product-type.application";
		};
/* End PBXNativeTarget section */

/* Begin PBXProject section */
		373EECA41D91A76D008B7C9E /* Project object */ = {
			isa = PBXProject;
			attributes = {
				LastSwiftUpdateCheck = 0730;
				LastUpgradeCheck = 0730;
				ORGANIZATIONNAME = utcs;
				TargetAttributes = {
					373EECAB1D91A76D008B7C9E = {
						CreatedOnToolsVersion = 7.3.1;
					};
				};
			};
			buildConfigurationList = 373EECA71D91A76D008B7C9E /* Build configuration list for PBXProject "WernsmanBenjamin-HW4" */;
			compatibilityVersion = "Xcode 3.2";
			developmentRegion = English;
			hasScannedForEncodings = 0;
			knownRegions = (
				en,
				Base,
			);
			mainGroup = 373EECA31D91A76D008B7C9E;
			productRefGroup = 373EECAD1D91A76D008B7C9E /* Products */;
			projectDirPath = "";
			projectRoot = "";
			targets = (
				373EECAB1D91A76D008B7C9E /* WernsmanBenjamin-HW4 */,
			);
		};
/* End PBXProject section */

/* Begin PBXResourcesBuildPhase section */
		373EECAA1D91A76D008B7C9E /* Resources */ = {
			isa = PBXResourcesBuildPhase;
			buildActionMask = 2147483647;
			files = (
				373EECBA1D91A76D008B7C9E /* LaunchScreen.storyboard in Resources */,
				373EECB71D91A76D008B7C9E /* Assets.xcassets in Resources */,
				373EECB51D91A76D008B7C9E /* Main.storyboard in Resources */,
			);
			runOnlyForDeploymentPostprocessing = 0;
		};
/* End PBXResourcesBuildPhase section */

/* Begin PBXSourcesBuildPhase section */
		373EECA81D91A76D008B7C9E /* Sources */ = {
			isa = PBXSourcesBuildPhase;
			buildActionMask = 2147483647;
			files = (
				373EECC21D91A7D4008B7C9E /* CandidateManager.swift in Sources */,
				373EECC41D91A849008B7C9E /* AddCandidate.swift in Sources */,
				373EECB01D91A76D008B7C9E /* AppDelegate.swift in Sources */,
			);
			runOnlyForDeploymentPostprocessing = 0;
		};
/* End PBXSourcesBuildPhase section */

/* Begin PBXVariantGroup section */
		373EECB31D91A76D008B7C9E /* Main.storyboard */ = {
			isa = PBXVariantGroup;
			children = (
				373EECB41D91A76D008B7C9E /* Base */,
			);
			name = Main.storyboard;
			sourceTree = "<group>";
		};
		373EECB81D91A76D008B7C9E /* LaunchScreen.storyboard */ = {
			isa = PBXVariantGroup;
			children = (
				373EECB91D91A76D008B7C9E /* Base */,
			);
			name = LaunchScreen.storyboard;
			sourceTree = "<group>";
		};
/* End PBXVariantGroup section */

/* Begin XCBuildConfiguration section */
		373EECBC1D91A76D008B7C9E /* Debug */ = {
			isa = XCBuildConfiguration;
			buildSettings = {
				ALWAYS_SEARCH_USER_PATHS = NO;
				CLANG_ANALYZER_NONNULL = YES;
				CLANG_CXX_LANGUAGE_STANDARD = "gnu++0x";
				CLANG_CXX_LIBRARY = "libc++";
				CLANG_ENABLE_MODULES = YES;
				CLANG_ENABLE_OBJC_ARC = YES;
				CLANG_WARN_BOOL_CONVERSION = YES;
				CLANG_WARN_CONSTANT_CONVERSION = YES;
				CLANG_WARN_DIRECT_OBJC_ISA_USAGE = YES_ERROR;
				CLANG_WARN_EMPTY_BODY = YES;
				CLANG_WARN_ENUM_CONVERSION = YES;
				CLANG_WARN_INT_CONVERSION = YES;
				CLANG_WARN_OBJC_ROOT_CLASS = YES_ERROR;
				CLANG_WARN_UNREACHABLE_CODE = YES;
				CLANG_WARN__DUPLICATE_METHOD_MATCH = YES;
				"CODE_SIGN_IDENTITY[sdk=iphoneos*]" = "iPhone Developer";
				COPY_PHASE_STRIP = NO;
				DEBUG_INFORMATION_FORMAT = dwarf;
				ENABLE_STRICT_OBJC_MSGSEND = YES;
				ENABLE_TESTABILITY = YES;
				GCC_C_LANGUAGE_STANDARD = gnu99;
				GCC_DYNAMIC_NO_PIC = NO;
				GCC_NO_COMMON_BLOCKS = YES;
				GCC_OPTIMIZATION_LEVEL = 0;
				GCC_PREPROCESSOR_DEFINITIONS = (
					"DEBUG=1",
					"$(inherited)",
				);
				GCC_WARN_64_TO_32_BIT_CONVERSION = YES;
				GCC_WARN_ABOUT_RETURN_TYPE = YES_ERROR;
				GCC_WARN_UNDECLARED_SELECTOR = YES;
				GCC_WARN_UNINITIALIZED_AUTOS = YES_AGGRESSIVE;
				GCC_WARN_UNUSED_FUNCTION = YES;
				GCC_WARN_UNUSED_VARIABLE = YES;
				IPHONEOS_DEPLOYMENT_TARGET = 9.3;
				MTL_ENABLE_DEBUG_INFO = YES;
				ONLY_ACTIVE_ARCH = YES;
				SDKROOT = iphoneos;
				SWIFT_OPTIMIZATION_LEVEL = "-Onone";
			};
			name = Debug;
		};
		373EECBD1D91A76D008B7C9E /* Release */ = {
			isa = XCBuildConfiguration;
			buildSettings = {
				ALWAYS_SEARCH_USER_PATHS = NO;
				CLANG_ANALYZER_NONNULL = YES;
				CLANG_CXX_LANGUAGE_STANDARD = "gnu++0x";
				CLANG_CXX_LIBRARY = "libc++";
				CLANG_ENABLE_MODULES = YES;
				CLANG_ENABLE_OBJC_ARC = YES;
				CLANG_WARN_BOOL_CONVERSION = YES;
				CLANG_WARN_CONSTANT_CONVERSION = YES;
				CLANG_WARN_DIRECT_OBJC_ISA_USAGE = YES_ERROR;
				CLANG_WARN_EMPTY_BODY = YES;
				CLANG_WARN_ENUM_CONVERSION = YES;
				CLANG_WARN_INT_CONVERSION = YES;
				CLANG_WARN_OBJC_ROOT_CLASS = YES_ERROR;
				CLANG_WARN_UNREACHABLE_CODE = YES;
				CLANG_WARN__DUPLICATE_METHOD_MATCH = YES;
				"CODE_SIGN_IDENTITY[sdk=iphoneos*]" = "iPhone Developer";
				COPY_PHASE_STRIP = NO;
				DEBUG_INFORMATION_FORMAT = "dwarf-with-dsym";
				ENABLE_NS_ASSERTIONS = NO;
				ENABLE_STRICT_OBJC_MSGSEND = YES;
				GCC_C_LANGUAGE_STANDARD = gnu99;
				GCC_NO_COMMON_BLOCKS = YES;
				GCC_WARN_64_TO_32_BIT_CONVERSION = YES;
				GCC_WARN_ABOUT_RETURN_TYPE = YES_ERROR;
				GCC_WARN_UNDECLARED_SELECTOR = YES;
				GCC_WARN_UNINITIALIZED_AUTOS = YES_AGGRESSIVE;
				GCC_WARN_UNUSED_FUNCTION = YES;
				GCC_WARN_UNUSED_VARIABLE = YES;
				IPHONEOS_DEPLOYMENT_TARGET = 9.3;
				MTL_ENABLE_DEBUG_INFO = NO;
				SDKROOT = iphoneos;
				VALIDATE_PRODUCT = YES;
			};
			name = Release;
		};
		373EECBF1D91A76D008B7C9E /* Debug */ = {
			isa = XCBuildConfiguration;
			buildSettings = {
				ASSETCATALOG_COMPILER_APPICON_NAME = AppIcon;
				INFOPLIST_FILE = "WernsmanBenjamin-HW4/Info.plist";
				LD_RUNPATH_SEARCH_PATHS = "$(inherited) @executable_path/Frameworks";
				PRODUCT_BUNDLE_IDENTIFIER = "bwernsman.WernsmanBenjamin-HW4";
				PRODUCT_NAME = "$(TARGET_NAME)";
			};
			name = Debug;
		};
		373EECC01D91A76D008B7C9E /* Release */ = {
			isa = XCBuildConfiguration;
			buildSettings = {
				ASSETCATALOG_COMPILER_APPICON_NAME = AppIcon;
				INFOPLIST_FILE = "WernsmanBenjamin-HW4/Info.plist";
				LD_RUNPATH_SEARCH_PATHS = "$(inherited) @executable_path/Frameworks";
				PRODUCT_BUNDLE_IDENTIFIER = "bwernsman.WernsmanBenjamin-HW4";
				PRODUCT_NAME = "$(TARGET_NAME)";
			};
			name = Release;
		};
/* End XCBuildConfiguration section */

/* Begin XCConfigurationList section */
		373EECA71D91A76D008B7C9E /* Build configuration list for PBXProject "WernsmanBenjamin-HW4" */ = {
			isa = XCConfigurationList;
			buildConfigurations = (
				373EECBC1D91A76D008B7C9E /* Debug */,
				373EECBD1D91A76D008B7C9E /* Release */,
			);
			defaultConfigurationIsVisible = 0;
			defaultConfigurationName = Release;
		};
		373EECBE1D91A76D008B7C9E /* Build configuration list for PBXNativeTarget "WernsmanBenjamin-HW4" */ = {
			isa = XCConfigurationList;
			buildConfigurations = (
				373EECBF1D91A76D008B7C9E /* Debug */,
				373EECC01D91A76D008B7C9E /* Release */,
			);
			defaultConfigurationIsVisible = 0;
		};
/* End XCConfigurationList section */
	};
	rootObject = 373EECA41D91A76D008B7C9E /* Project object */;
}
